
Microsoft Visual Studio Solution File, Format Version 12.00
# Visual Studio Version 17
VisualStudioVersion = 17.5.002.0
MinimumVisualStudioVersion = 10.0.40219.1
Project("{9A19103F-16F7-4668-BE54-9A1E7A4F7556}") = "gp-unisis", "gp-unisis.csproj", "{641FBEC7-05E0-450F-8BC4-F755AE2BE07C}"
EndProject
Global
	GlobalSection(SolutionConfigurationPlatforms) = preSolution
		Debug|Any CPU = Debug|Any CPU
		Release|Any CPU = Release|Any CPU
	EndGlobalSection
	GlobalSection(ProjectConfigurationPlatforms) = postSolution
		{641FBEC7-05E0-450F-8BC4-F755AE2BE07C}.Debug|Any CPU.ActiveCfg = Debug|Any CPU
		{641FBEC7-05E0-450F-8BC4-F755AE2BE07C}.Debug|Any CPU.Build.0 = Debug|Any CPU
		{641FBEC7-05E0-450F-8BC4-F755AE2BE07C}.Release|Any CPU.ActiveCfg = Release|Any CPU
		{641FBEC7-05E0-450F-8BC4-F755AE2BE07C}.Release|Any CPU.Build.0 = Release|Any CPU
	EndGlobalSection
	GlobalSection(SolutionProperties) = preSolution
		HideSolutionNode = FALSE
	EndGlobalSection
	GlobalSection(ExtensibilityGlobals) = postSolution
		SolutionGuid = {E85E8F65-89F0-40E5-85D3-EF23EB38A460}
	EndGlobalSection
EndGlobal
